
Microsoft Visual Studio Solution File, Format Version 12.00
# Visual Studio Version 18
VisualStudioVersion = 18.3.11505.172
MinimumVisualStudioVersion = 10.0.40219.1
Project("{FAE04EC0-301F-11D3-BF4B-00C04F79EFBC}") = "PrimumCore", "Apps\PrimumCore\PrimumCore.csproj", "{397096DE-E782-4711-B713-46F9D6D6692F}"
EndProject
Project("{2150E333-8FDC-42A3-9474-1A3956D46DE8}") = "Apps", "Apps", "{B1FDA17C-AEE1-483D-B707-276285BF8D0C}"
EndProject
Project("{FAE04EC0-301F-11D3-BF4B-00C04F79EFBC}") = "CoreConnection", "Libs\CoreConnection\CoreConnection.csproj", "{841BF182-76C3-4B20-8270-15A76D0AF55F}"
EndProject
Project("{FAE04EC0-301F-11D3-BF4B-00C04F79EFBC}") = "PrimumWebAPI", "Apps\PrimumWebAPI\PrimumWebAPI.csproj", "{FC9694E2-0425-46E0-B630-BA26584551F7}"
EndProject
Project("{2150E333-8FDC-42A3-9474-1A3956D46DE8}") = "Libs", "Libs", "{A3CAF226-C218-40E3-B561-0C3ADE549954}"
EndProject
Project("{FAE04EC0-301F-11D3-BF4B-00C04F79EFBC}") = "BotCore", "Apps\BotCore\BotCore.csproj", "{081F1817-4838-4640-A62A-7F23F2B9F350}"
EndProject
Project("{FAE04EC0-301F-11D3-BF4B-00C04F79EFBC}") = "PublishServiceConnection", "Libs\PublishServiceConnection\PublishServiceConnection.csproj", "{CB9561BA-FD57-4696-87C5-E5E8040A71D0}"
EndProject
Project("{FAE04EC0-301F-11D3-BF4B-00C04F79EFBC}") = "CoreDBModel", "Libs\CoreDBModel\CoreDBModel.csproj", "{CBEC561A-A51E-4939-AF63-49F59375C7F4}"
EndProject
Project("{FAE04EC0-301F-11D3-BF4B-00C04F79EFBC}") = "CoreDBIterator", "Apps\CoreDBIterator\CoreDBIterator.csproj", "{7525872A-1E57-4302-9301-EDB6D4CEB8CA}"
EndProject
Project("{FAE04EC0-301F-11D3-BF4B-00C04F79EFBC}") = "Common", "Libs\Common\Common.csproj", "{D5DBD699-BD86-478A-B5F0-BE507FCDAD01}"
EndProject
Project("{888888A0-9F3D-457C-B088-3A5042F75D52}") = "ConfigService", "Apps\ConfigService\ConfigService.pyproj", "{0E2C98E4-34B2-455D-BEB0-E33D7B90C71B}"
EndProject
Project("{FAE04EC0-301F-11D3-BF4B-00C04F79EFBC}") = "SolutionConfiguration", "Libs\ConfigurationServiceClient\SolutionConfiguration.csproj", "{3640B742-4282-4C4A-BEB5-849E68FEEB21}"
EndProject
Project("{FAE04EC0-301F-11D3-BF4B-00C04F79EFBC}") = "Resourses", "Libs\Resourses\Resourses.csproj", "{CE16A797-55A2-44EC-B6CD-056374EAE3D8}"
EndProject
Project("{888888A0-9F3D-457C-B088-3A5042F75D52}") = "SignService", "Apps\SignService\SignService.pyproj", "{F4E1E339-2FB7-4D30-8192-78C086A047F3}"
EndProject
Project("{FAE04EC0-301F-11D3-BF4B-00C04F79EFBC}") = "SignServiceConnection", "Libs\SignServiceConnection\SignServiceConnection.csproj", "{E168A933-8272-40AE-B780-9540C185576A}"
EndProject
Project("{888888A0-9F3D-457C-B088-3A5042F75D52}") = "ConfigConnection", "Libs\ConfigConnection\ConfigConnection.pyproj", "{E8AD7C48-DBA6-4B50-8F8F-6EAE76BE8684}"
EndProject
Project("{888888A0-9F3D-457C-B088-3A5042F75D52}") = "ChatBotNotificationService", "Apps\ChatBotNotificationService\ChatBotNotificationService.pyproj", "{4F72AF3B-FC9F-4A62-8B1E-ACF9C6EC8DB2}"
EndProject
Project("{888888A0-9F3D-457C-B088-3A5042F75D52}") = "EmailNotificationService", "Apps\EmailNotificationService\EmailNotificationService.pyproj", "{D007AEAB-7133-415E-89E4-9EDBD11CAF27}"
EndProject
Project("{888888A0-9F3D-457C-B088-3A5042F75D52}") = "PaymentService", "Apps\PaymentService\PaymentService.pyproj", "{1B6E4639-6623-43D7-B784-062777D214CD}"
EndProject
Project("{FAE04EC0-301F-11D3-BF4B-00C04F79EFBC}") = "PaymentServiceClient", "Libs\PaymentServiceClient\PaymentServiceClient.csproj", "{A4E52A37-951B-417D-9272-A7855DC78018}"
EndProject
Project("{888888A0-9F3D-457C-B088-3A5042F75D52}") = "CommonNotificationService", "Apps\CommonNotificationService\CommonNotificationService.pyproj", "{CC17E3D5-C61D-4C74-9D70-C753E1472179}"
EndProject
Project("{FAE04EC0-301F-11D3-BF4B-00C04F79EFBC}") = "CommonNotificationServiceClient", "Libs\CommonNotificationServiceClient\CommonNotificationServiceClient.csproj", "{8797C844-325A-4494-B047-1AB69EA6B614}"
EndProject
Global
	GlobalSection(SolutionConfigurationPlatforms) = preSolution
		Debug|Any CPU = Debug|Any CPU
		Release|Any CPU = Release|Any CPU
	EndGlobalSection
	GlobalSection(ProjectConfigurationPlatforms) = postSolution
		{397096DE-E782-4711-B713-46F9D6D6692F}.Debug|Any CPU.ActiveCfg = Debug|Any CPU
		{397096DE-E782-4711-B713-46F9D6D6692F}.Debug|Any CPU.Build.0 = Debug|Any CPU
		{397096DE-E782-4711-B713-46F9D6D6692F}.Release|Any CPU.ActiveCfg = Release|Any CPU
		{397096DE-E782-4711-B713-46F9D6D6692F}.Release|Any CPU.Build.0 = Release|Any CPU
		{841BF182-76C3-4B20-8270-15A76D0AF55F}.Debug|Any CPU.ActiveCfg = Debug|Any CPU
		{841BF182-76C3-4B20-8270-15A76D0AF55F}.Debug|Any CPU.Build.0 = Debug|Any CPU
		{841BF182-76C3-4B20-8270-15A76D0AF55F}.Release|Any CPU.ActiveCfg = Release|Any CPU
		{841BF182-76C3-4B20-8270-15A76D0AF55F}.Release|Any CPU.Build.0 = Release|Any CPU
		{FC9694E2-0425-46E0-B630-BA26584551F7}.Debug|Any CPU.ActiveCfg = Debug|Any CPU
		{FC9694E2-0425-46E0-B630-BA26584551F7}.Debug|Any CPU.Build.0 = Debug|Any CPU
		{FC9694E2-0425-46E0-B630-BA26584551F7}.Release|Any CPU.ActiveCfg = Release|Any CPU
		{FC9694E2-0425-46E0-B630-BA26584551F7}.Release|Any CPU.Build.0 = Release|Any CPU
		{081F1817-4838-4640-A62A-7F23F2B9F350}.Debug|Any CPU.ActiveCfg = Debug|Any CPU
		{081F1817-4838-4640-A62A-7F23F2B9F350}.Debug|Any CPU.Build.0 = Debug|Any CPU
		{081F1817-4838-4640-A62A-7F23F2B9F350}.Release|Any CPU.ActiveCfg = Release|Any CPU
		{081F1817-4838-4640-A62A-7F23F2B9F350}.Release|Any CPU.Build.0 = Release|Any CPU
		{CB9561BA-FD57-4696-87C5-E5E8040A71D0}.Debug|Any CPU.ActiveCfg = Debug|Any CPU
		{CB9561BA-FD57-4696-87C5-E5E8040A71D0}.Debug|Any CPU.Build.0 = Debug|Any CPU
		{CB9561BA-FD57-4696-87C5-E5E8040A71D0}.Release|Any CPU.ActiveCfg = Release|Any CPU
		{CB9561BA-FD57-4696-87C5-E5E8040A71D0}.Release|Any CPU.Build.0 = Release|Any CPU
		{CBEC561A-A51E-4939-AF63-49F59375C7F4}.Debug|Any CPU.ActiveCfg = Debug|Any CPU
		{CBEC561A-A51E-4939-AF63-49F59375C7F4}.Debug|Any CPU.Build.0 = Debug|Any CPU
		{CBEC561A-A51E-4939-AF63-49F59375C7F4}.Release|Any CPU.ActiveCfg = Release|Any CPU
		{CBEC561A-A51E-4939-AF63-49F59375C7F4}.Release|Any CPU.Build.0 = Release|Any CPU
		{7525872A-1E57-4302-9301-EDB6D4CEB8CA}.Debug|Any CPU.ActiveCfg = Debug|Any CPU
		{7525872A-1E57-4302-9301-EDB6D4CEB8CA}.Debug|Any CPU.Build.0 = Debug|Any CPU
		{7525872A-1E57-4302-9301-EDB6D4CEB8CA}.Release|Any CPU.ActiveCfg = Release|Any CPU
		{7525872A-1E57-4302-9301-EDB6D4CEB8CA}.Release|Any CPU.Build.0 = Release|Any CPU
		{D5DBD699-BD86-478A-B5F0-BE507FCDAD01}.Debug|Any CPU.ActiveCfg = Debug|Any CPU
		{D5DBD699-BD86-478A-B5F0-BE507FCDAD01}.Debug|Any CPU.Build.0 = Debug|Any CPU
		{D5DBD699-BD86-478A-B5F0-BE507FCDAD01}.Release|Any CPU.ActiveCfg = Release|Any CPU
		{D5DBD699-BD86-478A-B5F0-BE507FCDAD01}.Release|Any CPU.Build.0 = Release|Any CPU
		{0E2C98E4-34B2-455D-BEB0-E33D7B90C71B}.Debug|Any CPU.ActiveCfg = Debug|Any CPU
		{0E2C98E4-34B2-455D-BEB0-E33D7B90C71B}.Release|Any CPU.ActiveCfg = Release|Any CPU
		{3640B742-4282-4C4A-BEB5-849E68FEEB21}.Debug|Any CPU.ActiveCfg = Debug|Any CPU
		{3640B742-4282-4C4A-BEB5-849E68FEEB21}.Debug|Any CPU.Build.0 = Debug|Any CPU
		{3640B742-4282-4C4A-BEB5-849E68FEEB21}.Release|Any CPU.ActiveCfg = Release|Any CPU
		{3640B742-4282-4C4A-BEB5-849E68FEEB21}.Release|Any CPU.Build.0 = Release|Any CPU
		{CE16A797-55A2-44EC-B6CD-056374EAE3D8}.Debug|Any CPU.ActiveCfg = Debug|Any CPU
		{CE16A797-55A2-44EC-B6CD-056374EAE3D8}.Debug|Any CPU.Build.0 = Debug|Any CPU
		{CE16A797-55A2-44EC-B6CD-056374EAE3D8}.Release|Any CPU.ActiveCfg = Release|Any CPU
		{CE16A797-55A2-44EC-B6CD-056374EAE3D8}.Release|Any CPU.Build.0 = Release|Any CPU
		{F4E1E339-2FB7-4D30-8192-78C086A047F3}.Debug|Any CPU.ActiveCfg = Debug|Any CPU
		{F4E1E339-2FB7-4D30-8192-78C086A047F3}.Release|Any CPU.ActiveCfg = Release|Any CPU
		{E168A933-8272-40AE-B780-9540C185576A}.Debug|Any CPU.ActiveCfg = Debug|Any CPU
		{E168A933-8272-40AE-B780-9540C185576A}.Debug|Any CPU.Build.0 = Debug|Any CPU
		{E168A933-8272-40AE-B780-9540C185576A}.Release|Any CPU.ActiveCfg = Release|Any CPU
		{E168A933-8272-40AE-B780-9540C185576A}.Release|Any CPU.Build.0 = Release|Any CPU
		{E8AD7C48-DBA6-4B50-8F8F-6EAE76BE8684}.Debug|Any CPU.ActiveCfg = Debug|Any CPU
		{E8AD7C48-DBA6-4B50-8F8F-6EAE76BE8684}.Release|Any CPU.ActiveCfg = Release|Any CPU
		{4F72AF3B-FC9F-4A62-8B1E-ACF9C6EC8DB2}.Debug|Any CPU.ActiveCfg = Debug|Any CPU
		{4F72AF3B-FC9F-4A62-8B1E-ACF9C6EC8DB2}.Release|Any CPU.ActiveCfg = Release|Any CPU
		{D007AEAB-7133-415E-89E4-9EDBD11CAF27}.Debug|Any CPU.ActiveCfg = Debug|Any CPU
		{D007AEAB-7133-415E-89E4-9EDBD11CAF27}.Release|Any CPU.ActiveCfg = Release|Any CPU
		{1B6E4639-6623-43D7-B784-062777D214CD}.Debug|Any CPU.ActiveCfg = Debug|Any CPU
		{1B6E4639-6623-43D7-B784-062777D214CD}.Release|Any CPU.ActiveCfg = Release|Any CPU
		{A4E52A37-951B-417D-9272-A7855DC78018}.Debug|Any CPU.ActiveCfg = Debug|Any CPU
		{A4E52A37-951B-417D-9272-A7855DC78018}.Debug|Any CPU.Build.0 = Debug|Any CPU
		{A4E52A37-951B-417D-9272-A7855DC78018}.Release|Any CPU.ActiveCfg = Release|Any CPU
		{A4E52A37-951B-417D-9272-A7855DC78018}.Release|Any CPU.Build.0 = Release|Any CPU
		{CC17E3D5-C61D-4C74-9D70-C753E1472179}.Debug|Any CPU.ActiveCfg = Debug|Any CPU
		{CC17E3D5-C61D-4C74-9D70-C753E1472179}.Release|Any CPU.ActiveCfg = Release|Any CPU
		{8797C844-325A-4494-B047-1AB69EA6B614}.Debug|Any CPU.ActiveCfg = Debug|Any CPU
		{8797C844-325A-4494-B047-1AB69EA6B614}.Debug|Any CPU.Build.0 = Debug|Any CPU
		{8797C844-325A-4494-B047-1AB69EA6B614}.Release|Any CPU.ActiveCfg = Release|Any CPU
		{8797C844-325A-4494-B047-1AB69EA6B614}.Release|Any CPU.Build.0 = Release|Any CPU
	EndGlobalSection
	GlobalSection(SolutionProperties) = preSolution
		HideSolutionNode = FALSE
	EndGlobalSection
	GlobalSection(NestedProjects) = preSolution
		{397096DE-E782-4711-B713-46F9D6D6692F} = {B1FDA17C-AEE1-483D-B707-276285BF8D0C}
		{841BF182-76C3-4B20-8270-15A76D0AF55F} = {A3CAF226-C218-40E3-B561-0C3ADE549954}
		{FC9694E2-0425-46E0-B630-BA26584551F7} = {B1FDA17C-AEE1-483D-B707-276285BF8D0C}
		{081F1817-4838-4640-A62A-7F23F2B9F350} = {B1FDA17C-AEE1-483D-B707-276285BF8D0C}
		{CB9561BA-FD57-4696-87C5-E5E8040A71D0} = {A3CAF226-C218-40E3-B561-0C3ADE549954}
		{CBEC561A-A51E-4939-AF63-49F59375C7F4} = {A3CAF226-C218-40E3-B561-0C3ADE549954}
		{7525872A-1E57-4302-9301-EDB6D4CEB8CA} = {B1FDA17C-AEE1-483D-B707-276285BF8D0C}
		{D5DBD699-BD86-478A-B5F0-BE507FCDAD01} = {A3CAF226-C218-40E3-B561-0C3ADE549954}
		{0E2C98E4-34B2-455D-BEB0-E33D7B90C71B} = {B1FDA17C-AEE1-483D-B707-276285BF8D0C}
		{3640B742-4282-4C4A-BEB5-849E68FEEB21} = {A3CAF226-C218-40E3-B561-0C3ADE549954}
		{CE16A797-55A2-44EC-B6CD-056374EAE3D8} = {A3CAF226-C218-40E3-B561-0C3ADE549954}
		{F4E1E339-2FB7-4D30-8192-78C086A047F3} = {B1FDA17C-AEE1-483D-B707-276285BF8D0C}
		{E168A933-8272-40AE-B780-9540C185576A} = {A3CAF226-C218-40E3-B561-0C3ADE549954}
		{E8AD7C48-DBA6-4B50-8F8F-6EAE76BE8684} = {A3CAF226-C218-40E3-B561-0C3ADE549954}
		{4F72AF3B-FC9F-4A62-8B1E-ACF9C6EC8DB2} = {B1FDA17C-AEE1-483D-B707-276285BF8D0C}
		{D007AEAB-7133-415E-89E4-9EDBD11CAF27} = {B1FDA17C-AEE1-483D-B707-276285BF8D0C}
		{1B6E4639-6623-43D7-B784-062777D214CD} = {B1FDA17C-AEE1-483D-B707-276285BF8D0C}
		{A4E52A37-951B-417D-9272-A7855DC78018} = {A3CAF226-C218-40E3-B561-0C3ADE549954}
		{CC17E3D5-C61D-4C74-9D70-C753E1472179} = {B1FDA17C-AEE1-483D-B707-276285BF8D0C}
		{8797C844-325A-4494-B047-1AB69EA6B614} = {A3CAF226-C218-40E3-B561-0C3ADE549954}
	EndGlobalSection
	GlobalSection(ExtensibilityGlobals) = postSolution
		SolutionGuid = {2AAF9660-D8D7-4198-B0FA-59002B2C2309}
	EndGlobalSection
EndGlobal
